
Microsoft Visual Studio Solution File, Format Version 12.00
# Visual Studio Version 16
VisualStudioVersion = 16.0.28407.52
MinimumVisualStudioVersion = 10.0.40219.1
Project("{FAE04EC0-301F-11D3-BF4B-00C04F79EFBC}") = "LastLab", "LastLab\LastLab.csproj", "{592BCFC1-1564-42AC-9C4A-DDAF5A2A2881}"
EndProject
Global
	GlobalSection(SolutionConfigurationPlatforms) = preSolution
		Debug|Any CPU = Debug|Any CPU
		Release|Any CPU = Release|Any CPU
	EndGlobalSection
	GlobalSection(ProjectConfigurationPlatforms) = postSolution
		{592BCFC1-1564-42AC-9C4A-DDAF5A2A2881}.Debug|Any CPU.ActiveCfg = Debug|Any CPU
		{592BCFC1-1564-42AC-9C4A-DDAF5A2A2881}.Debug|Any CPU.Build.0 = Debug|Any CPU
		{592BCFC1-1564-42AC-9C4A-DDAF5A2A2881}.Release|Any CPU.ActiveCfg = Release|Any CPU
		{592BCFC1-1564-42AC-9C4A-DDAF5A2A2881}.Release|Any CPU.Build.0 = Release|Any CPU
	EndGlobalSection
	GlobalSection(SolutionProperties) = preSolution
		HideSolutionNode = FALSE
	EndGlobalSection
	GlobalSection(ExtensibilityGlobals) = postSolution
		SolutionGuid = {0F1AF6F8-2001-4C28-BC42-A8343A782993}
	EndGlobalSection
EndGlobal
